<Solution>
  <Folder Name="/Guestbook/">
    <Project Path="Guestbook/BlazorCodeFirst.Samples.Guestbook.csproj" />
  </Folder>
  <Folder Name="/HeighwayDragon/">
    <Project Path="HeighwayDragon/BlazorCodeFirst.Samples.HeighwayDragon.csproj" />
  </Folder>
  <Folder Name="/HeighwayDragon.Tests/">
    <Project Path="HeighwayDragon.Tests/BlazorCodeFirst.Samples.HeighwayDragon.Tests.csproj" />
  </Folder>
</Solution>
